
Microsoft Visual Studio Solution File, Format Version 12.00
# Visual Studio 15
VisualStudioVersion = 15.0.28010.2016
MinimumVisualStudioVersion = 10.0.40219.1
Project("{FAE04EC0-301F-11D3-BF4B-00C04F79EFBC}") = "ShowMovieCategory", "ShowMovieCategory\ShowMovieCategory.csproj", "{40850F0F-491E-49A7-A25A-6A0191185573}"
EndProject
Global
	GlobalSection(SolutionConfigurationPlatforms) = preSolution
		Debug|Any CPU = Debug|Any CPU
		Release|Any CPU = Release|Any CPU
	EndGlobalSection
	GlobalSection(ProjectConfigurationPlatforms) = postSolution
		{40850F0F-491E-49A7-A25A-6A0191185573}.Debug|Any CPU.ActiveCfg = Debug|Any CPU
		{40850F0F-491E-49A7-A25A-6A0191185573}.Debug|Any CPU.Build.0 = Debug|Any CPU
		{40850F0F-491E-49A7-A25A-6A0191185573}.Release|Any CPU.ActiveCfg = Release|Any CPU
		{40850F0F-491E-49A7-A25A-6A0191185573}.Release|Any CPU.Build.0 = Release|Any CPU
	EndGlobalSection
	GlobalSection(SolutionProperties) = preSolution
		HideSolutionNode = FALSE
	EndGlobalSection
	GlobalSection(ExtensibilityGlobals) = postSolution
		SolutionGuid = {AD60FD6F-56D6-42E2-B769-9C9FB8174D0F}
	EndGlobalSection
EndGlobal
